{
	"name": "p5play-template",
	"version": "1.2.7",
	"lockfileVersion": 3,
	"requires": true,
	"packages": {
		"": {
			"name": "p5play-template",
			"version": "1.2.7",
			"license": "CC0",
			"dependencies": {
				"p5play": "^3.26.4",
				"q5": "^2.9.3"
			}
		},
		"node_modules/p5play": {
			"version": "3.26.13",
			"resolved": "https://registry.npmjs.org/p5play/-/p5play-3.26.13.tgz",
			"integrity": "sha512-yK6tXmzjZR6tF6MwFKhFjQ66KUmoJSMSeYkMyernFcqv6nXxVENE6OcZGGZb62o7gb/NPehDS+3BWFHSf4ycgQ==",
			"funding": [
				{
					"type": "patreon",
					"url": "https://www.patreon.com/p5play"
				},
				{
					"type": "github",
					"url": "https://github.com/sponsors/quinton-ashley"
				}
			],
			"license": "p5play Personal License"
		},
		"node_modules/q5": {
			"version": "2.23.0",
			"resolved": "https://registry.npmjs.org/q5/-/q5-2.23.0.tgz",
			"integrity": "sha512-SOsL1lns9Y+m5/wdLvPG9rELZDSLByplk/8gE5KiMKkU3A30+luiQ2lxfU+CVsGMDWpzbFpjJa6KNVylS0u9qA==",
			"license": "LGPL-3.0"
		}
	}
}
